
Microsoft Visual Studio Solution File, Format Version 12.00
# Visual Studio Version 17
VisualStudioVersion = 17.0.32126.317
MinimumVisualStudioVersion = 10.0.40219.1
Project("{FAE04EC0-301F-11D3-BF4B-00C04F79EFBC}") = "FizzBuzz", "FizzBuzz\FizzBuzz.csproj", "{52A020E2-02B4-484D-B0B6-A80295032421}"
EndProject
Global
	GlobalSection(SolutionConfigurationPlatforms) = preSolution
		Debug|Any CPU = Debug|Any CPU
		Release|Any CPU = Release|Any CPU
	EndGlobalSection
	GlobalSection(ProjectConfigurationPlatforms) = postSolution
		{52A020E2-02B4-484D-B0B6-A80295032421}.Debug|Any CPU.ActiveCfg = Debug|Any CPU
		{52A020E2-02B4-484D-B0B6-A80295032421}.Debug|Any CPU.Build.0 = Debug|Any CPU
		{52A020E2-02B4-484D-B0B6-A80295032421}.Release|Any CPU.ActiveCfg = Release|Any CPU
		{52A020E2-02B4-484D-B0B6-A80295032421}.Release|Any CPU.Build.0 = Release|Any CPU
	EndGlobalSection
	GlobalSection(SolutionProperties) = preSolution
		HideSolutionNode = FALSE
	EndGlobalSection
	GlobalSection(ExtensibilityGlobals) = postSolution
		SolutionGuid = {E207B9D1-1556-4FD8-A449-7F9B0C2C4541}
	EndGlobalSection
EndGlobal
